
Microsoft Visual Studio Solution File, Format Version 12.00
Project("{2150E333-8FDC-42A3-9474-1A3956D46DE8}") = "Algos", "Algos", "{30C39D1F-EA72-4594-ADFB-2E18202B79EE}"
EndProject
Project("{2150E333-8FDC-42A3-9474-1A3956D46DE8}") = "WebApis", "WebApis", "{A4982427-0F79-4767-8AFE-6EE76B3FCE00}"
EndProject
Project("{FAE04EC0-301F-11D3-BF4B-00C04F79EFBC}") = "NumberSort", "Algos\NumberSort\NumberSort.csproj", "{C1535457-0FA0-4257-A2CF-1B788A61CC42}"
EndProject
Project("{2150E333-8FDC-42A3-9474-1A3956D46DE8}") = "NumberSort", "NumberSort", "{BABA7787-55DE-4DFA-BA81-7207BF216153}"
EndProject
Project("{FAE04EC0-301F-11D3-BF4B-00C04F79EFBC}") = "SortTest", "Algos\SortTest\SortTest.csproj", "{C5A33AC6-58A9-4049-A53E-9D5EA8276329}"
EndProject
Project("{2150E333-8FDC-42A3-9474-1A3956D46DE8}") = "Lookup.Api", "Lookup.Api", "{D0790439-E80D-4953-90A0-B41F5169FB90}"
EndProject
Project("{FAE04EC0-301F-11D3-BF4B-00C04F79EFBC}") = "Lookup.Api", "WebApis\LookupApp\Lookup.Api\Lookup.Api.csproj", "{44836ACA-EC6C-4B2E-9459-C879489A378C}"
EndProject
Project("{FAE04EC0-301F-11D3-BF4B-00C04F79EFBC}") = "Lookup.Service", "WebApis\LookupApp\Lookup.Service\Lookup.Service.csproj", "{26AD88DE-3F54-44ED-AD29-98E8A78F5F55}"
EndProject
Project("{FAE04EC0-301F-11D3-BF4B-00C04F79EFBC}") = "Lookup.Service.Test", "WebApis\LookupApp\Lookup.Service.Test\Lookup.Service.Test.csproj", "{A256A769-4522-4CA4-9976-6D7796272B62}"
EndProject
Project("{2150E333-8FDC-42A3-9474-1A3956D46DE8}") = "InMemoryCache.Api", "InMemoryCache.Api", "{B5858672-C72B-4C9C-8725-F8A703F5FD9F}"
EndProject
Project("{FAE04EC0-301F-11D3-BF4B-00C04F79EFBC}") = "InMemoryCache.API", "WebApis\InMemoryCache.API\InMemoryCacheApp\InMemoryCache.API\InMemoryCache.API.csproj", "{5624D615-9DC2-4988-95AE-9F9F08322316}"
EndProject
Project("{2150E333-8FDC-42A3-9474-1A3956D46DE8}") = "InsurancePlanForPatient", "InsurancePlanForPatient", "{F4E35CB0-BD43-4012-9EA8-594467F538D8}"
EndProject
Project("{FAE04EC0-301F-11D3-BF4B-00C04F79EFBC}") = "InsurancePlanForPatient", "Algos\InsurancePlanForPatient\InsurancePlanForPatient\InsurancePlanForPatient.csproj", "{B0EB6A7E-3B22-4A63-81F5-DE0234A0D120}"
EndProject
Project("{2150E333-8FDC-42A3-9474-1A3956D46DE8}") = "ColorShapes", "ColorShapes", "{44E71EAC-C1C6-470E-99E5-49888AA8A1A8}"
EndProject
Project("{FAE04EC0-301F-11D3-BF4B-00C04F79EFBC}") = "ColorShapes", "Algos\ColorShapes\ColorShapes.csproj", "{CC016853-9356-43B7-9C8C-36A5F4FD2C79}"
EndProject
Project("{FAE04EC0-301F-11D3-BF4B-00C04F79EFBC}") = "CsvUtility", "Algos\CsvUtility\CsvUtility.csproj", "{596C0BAA-66B0-483A-976D-52C57F512AE5}"
EndProject
Project("{2150E333-8FDC-42A3-9474-1A3956D46DE8}") = "UrlShortner.Api", "UrlShortner.Api", "{D61B2197-5C34-4A19-9EAA-97C7D08DD908}"
EndProject
Project("{FAE04EC0-301F-11D3-BF4B-00C04F79EFBC}") = "UrlShortner.Api", "WebApis\UrlShortner.Api\UrlShortner.Api\UrlShortner.Api.csproj", "{1D11A252-D3D6-4512-89C6-06DBF0ADDA3A}"
EndProject
Project("{FAE04EC0-301F-11D3-BF4B-00C04F79EFBC}") = "UrlShortner.Data", "WebApis\UrlShortner.Api\UrlShortner.Data\UrlShortner.Data.csproj", "{837E9FA1-6992-445A-9CE9-6367162B69F6}"
EndProject
Project("{FAE04EC0-301F-11D3-BF4B-00C04F79EFBC}") = "UrlShortner.Infrastructure", "WebApis\UrlShortner.Api\UrlShortner.Infrastructure\UrlShortner.Infrastructure.csproj", "{F31D3573-B1ED-4FF7-834E-38FF6115F7D8}"
EndProject
Project("{FAE04EC0-301F-11D3-BF4B-00C04F79EFBC}") = "UrlShortner.Infrastrcture.Test", "WebApis\UrlShortner.Api\UrlShortner.Infrastrcture.Test\UrlShortner.Infrastrcture.Test.csproj", "{AE02952D-5716-4AED-BF5D-73A2D3A53684}"
EndProject
Global
	GlobalSection(SolutionConfigurationPlatforms) = preSolution
		Debug|Any CPU = Debug|Any CPU
		Release|Any CPU = Release|Any CPU
	EndGlobalSection
	GlobalSection(NestedProjects) = preSolution
		{BABA7787-55DE-4DFA-BA81-7207BF216153} = {30C39D1F-EA72-4594-ADFB-2E18202B79EE}
		{C1535457-0FA0-4257-A2CF-1B788A61CC42} = {BABA7787-55DE-4DFA-BA81-7207BF216153}
		{C5A33AC6-58A9-4049-A53E-9D5EA8276329} = {BABA7787-55DE-4DFA-BA81-7207BF216153}
		{D0790439-E80D-4953-90A0-B41F5169FB90} = {A4982427-0F79-4767-8AFE-6EE76B3FCE00}
		{44836ACA-EC6C-4B2E-9459-C879489A378C} = {D0790439-E80D-4953-90A0-B41F5169FB90}
		{26AD88DE-3F54-44ED-AD29-98E8A78F5F55} = {D0790439-E80D-4953-90A0-B41F5169FB90}
		{A256A769-4522-4CA4-9976-6D7796272B62} = {D0790439-E80D-4953-90A0-B41F5169FB90}
		{B5858672-C72B-4C9C-8725-F8A703F5FD9F} = {A4982427-0F79-4767-8AFE-6EE76B3FCE00}
		{5624D615-9DC2-4988-95AE-9F9F08322316} = {B5858672-C72B-4C9C-8725-F8A703F5FD9F}
		{F4E35CB0-BD43-4012-9EA8-594467F538D8} = {30C39D1F-EA72-4594-ADFB-2E18202B79EE}
		{B0EB6A7E-3B22-4A63-81F5-DE0234A0D120} = {F4E35CB0-BD43-4012-9EA8-594467F538D8}
		{44E71EAC-C1C6-470E-99E5-49888AA8A1A8} = {30C39D1F-EA72-4594-ADFB-2E18202B79EE}
		{CC016853-9356-43B7-9C8C-36A5F4FD2C79} = {44E71EAC-C1C6-470E-99E5-49888AA8A1A8}
		{596C0BAA-66B0-483A-976D-52C57F512AE5} = {30C39D1F-EA72-4594-ADFB-2E18202B79EE}
		{D61B2197-5C34-4A19-9EAA-97C7D08DD908} = {A4982427-0F79-4767-8AFE-6EE76B3FCE00}
		{1D11A252-D3D6-4512-89C6-06DBF0ADDA3A} = {D61B2197-5C34-4A19-9EAA-97C7D08DD908}
		{837E9FA1-6992-445A-9CE9-6367162B69F6} = {D61B2197-5C34-4A19-9EAA-97C7D08DD908}
		{F31D3573-B1ED-4FF7-834E-38FF6115F7D8} = {D61B2197-5C34-4A19-9EAA-97C7D08DD908}
		{AE02952D-5716-4AED-BF5D-73A2D3A53684} = {D61B2197-5C34-4A19-9EAA-97C7D08DD908}
	EndGlobalSection
	GlobalSection(ProjectConfigurationPlatforms) = postSolution
		{C1535457-0FA0-4257-A2CF-1B788A61CC42}.Debug|Any CPU.ActiveCfg = Debug|Any CPU
		{C1535457-0FA0-4257-A2CF-1B788A61CC42}.Debug|Any CPU.Build.0 = Debug|Any CPU
		{C1535457-0FA0-4257-A2CF-1B788A61CC42}.Release|Any CPU.ActiveCfg = Release|Any CPU
		{C1535457-0FA0-4257-A2CF-1B788A61CC42}.Release|Any CPU.Build.0 = Release|Any CPU
		{C5A33AC6-58A9-4049-A53E-9D5EA8276329}.Debug|Any CPU.ActiveCfg = Debug|Any CPU
		{C5A33AC6-58A9-4049-A53E-9D5EA8276329}.Debug|Any CPU.Build.0 = Debug|Any CPU
		{C5A33AC6-58A9-4049-A53E-9D5EA8276329}.Release|Any CPU.ActiveCfg = Release|Any CPU
		{C5A33AC6-58A9-4049-A53E-9D5EA8276329}.Release|Any CPU.Build.0 = Release|Any CPU
		{44836ACA-EC6C-4B2E-9459-C879489A378C}.Debug|Any CPU.ActiveCfg = Debug|Any CPU
		{44836ACA-EC6C-4B2E-9459-C879489A378C}.Debug|Any CPU.Build.0 = Debug|Any CPU
		{44836ACA-EC6C-4B2E-9459-C879489A378C}.Release|Any CPU.ActiveCfg = Release|Any CPU
		{44836ACA-EC6C-4B2E-9459-C879489A378C}.Release|Any CPU.Build.0 = Release|Any CPU
		{26AD88DE-3F54-44ED-AD29-98E8A78F5F55}.Debug|Any CPU.ActiveCfg = Debug|Any CPU
		{26AD88DE-3F54-44ED-AD29-98E8A78F5F55}.Debug|Any CPU.Build.0 = Debug|Any CPU
		{26AD88DE-3F54-44ED-AD29-98E8A78F5F55}.Release|Any CPU.ActiveCfg = Release|Any CPU
		{26AD88DE-3F54-44ED-AD29-98E8A78F5F55}.Release|Any CPU.Build.0 = Release|Any CPU
		{A256A769-4522-4CA4-9976-6D7796272B62}.Debug|Any CPU.ActiveCfg = Debug|Any CPU
		{A256A769-4522-4CA4-9976-6D7796272B62}.Debug|Any CPU.Build.0 = Debug|Any CPU
		{A256A769-4522-4CA4-9976-6D7796272B62}.Release|Any CPU.ActiveCfg = Release|Any CPU
		{A256A769-4522-4CA4-9976-6D7796272B62}.Release|Any CPU.Build.0 = Release|Any CPU
		{5624D615-9DC2-4988-95AE-9F9F08322316}.Debug|Any CPU.ActiveCfg = Debug|Any CPU
		{5624D615-9DC2-4988-95AE-9F9F08322316}.Debug|Any CPU.Build.0 = Debug|Any CPU
		{5624D615-9DC2-4988-95AE-9F9F08322316}.Release|Any CPU.ActiveCfg = Release|Any CPU
		{5624D615-9DC2-4988-95AE-9F9F08322316}.Release|Any CPU.Build.0 = Release|Any CPU
		{B0EB6A7E-3B22-4A63-81F5-DE0234A0D120}.Debug|Any CPU.ActiveCfg = Debug|Any CPU
		{B0EB6A7E-3B22-4A63-81F5-DE0234A0D120}.Debug|Any CPU.Build.0 = Debug|Any CPU
		{B0EB6A7E-3B22-4A63-81F5-DE0234A0D120}.Release|Any CPU.ActiveCfg = Release|Any CPU
		{B0EB6A7E-3B22-4A63-81F5-DE0234A0D120}.Release|Any CPU.Build.0 = Release|Any CPU
		{CC016853-9356-43B7-9C8C-36A5F4FD2C79}.Debug|Any CPU.ActiveCfg = Debug|Any CPU
		{CC016853-9356-43B7-9C8C-36A5F4FD2C79}.Debug|Any CPU.Build.0 = Debug|Any CPU
		{CC016853-9356-43B7-9C8C-36A5F4FD2C79}.Release|Any CPU.ActiveCfg = Release|Any CPU
		{CC016853-9356-43B7-9C8C-36A5F4FD2C79}.Release|Any CPU.Build.0 = Release|Any CPU
		{596C0BAA-66B0-483A-976D-52C57F512AE5}.Debug|Any CPU.ActiveCfg = Debug|Any CPU
		{596C0BAA-66B0-483A-976D-52C57F512AE5}.Debug|Any CPU.Build.0 = Debug|Any CPU
		{596C0BAA-66B0-483A-976D-52C57F512AE5}.Release|Any CPU.ActiveCfg = Release|Any CPU
		{596C0BAA-66B0-483A-976D-52C57F512AE5}.Release|Any CPU.Build.0 = Release|Any CPU
		{1D11A252-D3D6-4512-89C6-06DBF0ADDA3A}.Debug|Any CPU.ActiveCfg = Debug|Any CPU
		{1D11A252-D3D6-4512-89C6-06DBF0ADDA3A}.Debug|Any CPU.Build.0 = Debug|Any CPU
		{1D11A252-D3D6-4512-89C6-06DBF0ADDA3A}.Release|Any CPU.ActiveCfg = Release|Any CPU
		{1D11A252-D3D6-4512-89C6-06DBF0ADDA3A}.Release|Any CPU.Build.0 = Release|Any CPU
		{837E9FA1-6992-445A-9CE9-6367162B69F6}.Debug|Any CPU.ActiveCfg = Debug|Any CPU
		{837E9FA1-6992-445A-9CE9-6367162B69F6}.Debug|Any CPU.Build.0 = Debug|Any CPU
		{837E9FA1-6992-445A-9CE9-6367162B69F6}.Release|Any CPU.ActiveCfg = Release|Any CPU
		{837E9FA1-6992-445A-9CE9-6367162B69F6}.Release|Any CPU.Build.0 = Release|Any CPU
		{F31D3573-B1ED-4FF7-834E-38FF6115F7D8}.Debug|Any CPU.ActiveCfg = Debug|Any CPU
		{F31D3573-B1ED-4FF7-834E-38FF6115F7D8}.Debug|Any CPU.Build.0 = Debug|Any CPU
		{F31D3573-B1ED-4FF7-834E-38FF6115F7D8}.Release|Any CPU.ActiveCfg = Release|Any CPU
		{F31D3573-B1ED-4FF7-834E-38FF6115F7D8}.Release|Any CPU.Build.0 = Release|Any CPU
		{AE02952D-5716-4AED-BF5D-73A2D3A53684}.Debug|Any CPU.ActiveCfg = Debug|Any CPU
		{AE02952D-5716-4AED-BF5D-73A2D3A53684}.Debug|Any CPU.Build.0 = Debug|Any CPU
		{AE02952D-5716-4AED-BF5D-73A2D3A53684}.Release|Any CPU.ActiveCfg = Release|Any CPU
		{AE02952D-5716-4AED-BF5D-73A2D3A53684}.Release|Any CPU.Build.0 = Release|Any CPU
	EndGlobalSection
EndGlobal
